
Microsoft Visual Studio Solution File, Format Version 12.00
# Visual Studio Version 17
VisualStudioVersion = 17.5.33530.505
MinimumVisualStudioVersion = 10.0.40219.1
Project("{FAE04EC0-301F-11D3-BF4B-00C04F79EFBC}") = "LAB6", "LAB6.csproj", "{1509D0CF-CB82-4488-BE8B-65A4F3B100A7}"
EndProject
Global
	GlobalSection(SolutionConfigurationPlatforms) = preSolution
		Debug|Any CPU = Debug|Any CPU
		Release|Any CPU = Release|Any CPU
	EndGlobalSection
	GlobalSection(ProjectConfigurationPlatforms) = postSolution
		{1509D0CF-CB82-4488-BE8B-65A4F3B100A7}.Debug|Any CPU.ActiveCfg = Debug|Any CPU
		{1509D0CF-CB82-4488-BE8B-65A4F3B100A7}.Debug|Any CPU.Build.0 = Debug|Any CPU
		{1509D0CF-CB82-4488-BE8B-65A4F3B100A7}.Release|Any CPU.ActiveCfg = Release|Any CPU
		{1509D0CF-CB82-4488-BE8B-65A4F3B100A7}.Release|Any CPU.Build.0 = Release|Any CPU
	EndGlobalSection
	GlobalSection(SolutionProperties) = preSolution
		HideSolutionNode = FALSE
	EndGlobalSection
	GlobalSection(ExtensibilityGlobals) = postSolution
		SolutionGuid = {870FDE97-1667-4C04-BDD8-B19D2B43673B}
	EndGlobalSection
EndGlobal
